// !$*UTF8*$!
{
	archiveVersion = 1;
	classes = {
	};
	objectVersion = 77;
	objects = {

/* Begin PBXBuildFile section */
		EE59F9A82F3D7C87007C2DC5 /* ZoneHistoryView.swift in Sources */ = {isa = PBXBuildFile; fileRef = EE59F9A72F3D7C87007C2DC5 /* ZoneHistoryView.swift */; };
		EE95E32C2F42D4AE00F4D3AA /* SettingsView.swift in Sources */ = {isa = PBXBuildFile; fileRef = EE95E32B2F42D4AE00F4D3AA /* SettingsView.swift */; };
		EE95E32E2F42E33300F4D3AA /* AWS_API_INTEGRATION 2.md in Resources */ = {isa = PBXBuildFile; fileRef = EE95E32D2F42E33300F4D3AA /* AWS_API_INTEGRATION 2.md */; };
		EE95E3302F42E35E00F4D3AA /* README_AWS_INTEGRATION 2.md in Resources */ = {isa = PBXBuildFile; fileRef = EE95E32F2F42E35E00F4D3AA /* README_AWS_INTEGRATION 2.md */; };
		EED4368E2F345956005990A4 /* AWS_API_INTEGRATION.md in Resources */ = {isa = PBXBuildFile; fileRef = EED4368D2F345956005990A4 /* AWS_API_INTEGRATION.md */; };
		EED436902F345CA3005990A4 /* APIModels.swift in Sources */ = {isa = PBXBuildFile; fileRef = EED4368F2F345CA3005990A4 /* APIModels.swift */; };
		EED436922F345CC0005990A4 /* AWSNetworkService.swift in Sources */ = {isa = PBXBuildFile; fileRef = EED436912F345CC0005990A4 /* AWSNetworkService.swift */; };
		EED436942F345CD0005990A4 /* PushNotificationHandler.swift in Sources */ = {isa = PBXBuildFile; fileRef = EED436932F345CD0005990A4 /* PushNotificationHandler.swift */; };
		EED436962F345CF3005990A4 /* BuildTest.swift in Sources */ = {isa = PBXBuildFile; fileRef = EED436952F345CF3005990A4 /* BuildTest.swift */; };
		EED436982F345D16005990A4 /* BUILD_CHECKLIST.md in Resources */ = {isa = PBXBuildFile; fileRef = EED436972F345D16005990A4 /* BUILD_CHECKLIST.md */; };
		EED4369A2F345D45005990A4 /* README_AWS_INTEGRATION.md in Resources */ = {isa = PBXBuildFile; fileRef = EED436992F345D45005990A4 /* README_AWS_INTEGRATION.md */; };
		EED4369C2F345DE4005990A4 /* DataService.swift in Sources */ = {isa = PBXBuildFile; fileRef = EED4369B2F345DE4005990A4 /* DataService.swift */; };
		EED4369E2F345E89005990A4 /* FIREBASE_REMOVAL_GUIDE.md in Resources */ = {isa = PBXBuildFile; fileRef = EED4369D2F345E89005990A4 /* FIREBASE_REMOVAL_GUIDE.md */; };
		EED436A02F345EB4005990A4 /* BUILD_CHECKLIST_NO_FIREBASE.md in Resources */ = {isa = PBXBuildFile; fileRef = EED4369F2F345EB4005990A4 /* BUILD_CHECKLIST_NO_FIREBASE.md */; };
		EED436A22F345F3D005990A4 /* DeviceLocation.swift in Sources */ = {isa = PBXBuildFile; fileRef = EED436A12F345F3D005990A4 /* DeviceLocation.swift */; };
		EED436A62F345FA5005990A4 /* COMPLETE_REMOVAL_GUIDE.md in Resources */ = {isa = PBXBuildFile; fileRef = EED436A52F345FA5005990A4 /* COMPLETE_REMOVAL_GUIDE.md */; };
/* End PBXBuildFile section */

/* Begin PBXFileReference section */
		2191EA452E9790F200A536A8 /* mimamoriGPS.app */ = {isa = PBXFileReference; explicitFileType = wrapper.application; includeInIndex = 0; path = mimamoriGPS.app; sourceTree = BUILT_PRODUCTS_DIR; };
		EE59F9A72F3D7C87007C2DC5 /* ZoneHistoryView.swift */ = {isa = PBXFileReference; lastKnownFileType = sourcecode.swift; path = ZoneHistoryView.swift; sourceTree = "<group>"; };
		EE95E32B2F42D4AE00F4D3AA /* SettingsView.swift */ = {isa = PBXFileReference; lastKnownFileType = sourcecode.swift; path = SettingsView.swift; sourceTree = "<group>"; };
		EE95E32D2F42E33300F4D3AA /* AWS_API_INTEGRATION 2.md */ = {isa = PBXFileReference; lastKnownFileType = net.daringfireball.markdown; path = "AWS_API_INTEGRATION 2.md"; sourceTree = "<group>"; };
		EE95E32F2F42E35E00F4D3AA /* README_AWS_INTEGRATION 2.md */ = {isa = PBXFileReference; lastKnownFileType = net.daringfireball.markdown; path = "README_AWS_INTEGRATION 2.md"; sourceTree = "<group>"; };
		EED4368D2F345956005990A4 /* AWS_API_INTEGRATION.md */ = {isa = PBXFileReference; lastKnownFileType = net.daringfireball.markdown; path = AWS_API_INTEGRATION.md; sourceTree = "<group>"; };
		EED4368F2F345CA3005990A4 /* APIModels.swift */ = {isa = PBXFileReference; lastKnownFileType = sourcecode.swift; path = APIModels.swift; sourceTree = "<group>"; };
		EED436912F345CC0005990A4 /* AWSNetworkService.swift */ = {isa = PBXFileReference; lastKnownFileType = sourcecode.swift; path = AWSNetworkService.swift; sourceTree = "<group>"; };
		EED436932F345CD0005990A4 /* PushNotificationHandler.swift */ = {isa = PBXFileReference; lastKnownFileType = sourcecode.swift; path = PushNotificationHandler.swift; sourceTree = "<group>"; };
		EED436952F345CF3005990A4 /* BuildTest.swift */ = {isa = PBXFileReference; lastKnownFileType = sourcecode.swift; path = BuildTest.swift; sourceTree = "<group>"; };
		EED436972F345D16005990A4 /* BUILD_CHECKLIST.md */ = {isa = PBXFileReference; lastKnownFileType = net.daringfireball.markdown; path = BUILD_CHECKLIST.md; sourceTree = "<group>"; };
		EED436992F345D45005990A4 /* README_AWS_INTEGRATION.md */ = {isa = PBXFileReference; lastKnownFileType = net.daringfireball.markdown; path = README_AWS_INTEGRATION.md; sourceTree = "<group>"; };
		EED4369B2F345DE4005990A4 /* DataService.swift */ = {isa = PBXFileReference; lastKnownFileType = sourcecode.swift; path = DataService.swift; sourceTree = "<group>"; };
		EED4369D2F345E89005990A4 /* FIREBASE_REMOVAL_GUIDE.md */ = {isa = PBXFileReference; lastKnownFileType = net.daringfireball.markdown; path = FIREBASE_REMOVAL_GUIDE.md; sourceTree = "<group>"; };
		EED4369F2F345EB4005990A4 /* BUILD_CHECKLIST_NO_FIREBASE.md */ = {isa = PBXFileReference; lastKnownFileType = net.daringfireball.markdown; path = BUILD_CHECKLIST_NO_FIREBASE.md; sourceTree = "<group>"; };
		EED436A12F345F3D005990A4 /* DeviceLocation.swift */ = {isa = PBXFileReference; lastKnownFileType = sourcecode.swift; path = DeviceLocation.swift; sourceTree = "<group>"; };
		EED436A52F345FA5005990A4 /* COMPLETE_REMOVAL_GUIDE.md */ = {isa = PBXFileReference; lastKnownFileType = net.daringfireball.markdown; path = COMPLETE_REMOVAL_GUIDE.md; sourceTree = "<group>"; };
/* End PBXFileReference section */

/* Begin PBXFileSystemSynchronizedBuildFileExceptionSet section */
		211CEF642EA716C000574D51 /* Exceptions for "mimamoriGPS" folder in "mimamoriGPS" target */ = {
			isa = PBXFileSystemSynchronizedBuildFileExceptionSet;
			membershipExceptions = (
				APIModels.swift,
				Info.plist,
				PushNotificationHandler.swift,
			);
			target = 2191EA442E9790F200A536A8 /* mimamoriGPS */;
		};
/* End PBXFileSystemSynchronizedBuildFileExceptionSet section */

/* Begin PBXFileSystemSynchronizedRootGroup section */
		2191EA472E9790F200A536A8 /* mimamoriGPS */ = {
			isa = PBXFileSystemSynchronizedRootGroup;
			exceptions = (
				211CEF642EA716C000574D51 /* Exceptions for "mimamoriGPS" folder in "mimamoriGPS" target */,
			);
			path = mimamoriGPS;
			sourceTree = "<group>";
		};
		EE92200B2F440840002D1A89 /* Specs */ = {
			isa = PBXFileSystemSynchronizedRootGroup;
			path = Specs;
			sourceTree = "<group>";
		};
/* End PBXFileSystemSynchronizedRootGroup section */

/* Begin PBXFrameworksBuildPhase section */
		2191EA422E9790F200A536A8 /* Frameworks */ = {
			isa = PBXFrameworksBuildPhase;
			buildActionMask = 2147483647;
			files = (
			);
			runOnlyForDeploymentPostprocessing = 0;
		};
/* End PBXFrameworksBuildPhase section */

/* Begin PBXGroup section */
		2108802A2EA723350017243E /* Frameworks */ = {
			isa = PBXGroup;
			children = (
			);
			name = Frameworks;
			sourceTree = "<group>";
		};
		2191EA3C2E9790F200A536A8 = {
			isa = PBXGroup;
			children = (
				EE92200B2F440840002D1A89 /* Specs */,
				2191EA472E9790F200A536A8 /* mimamoriGPS */,
				2191EA462E9790F200A536A8 /* Products */,
				2108802A2EA723350017243E /* Frameworks */,
				EED4368D2F345956005990A4 /* AWS_API_INTEGRATION.md */,
				EED4368F2F345CA3005990A4 /* APIModels.swift */,
				EED436912F345CC0005990A4 /* AWSNetworkService.swift */,
				EED436932F345CD0005990A4 /* PushNotificationHandler.swift */,
				EED436952F345CF3005990A4 /* BuildTest.swift */,
				EED436972F345D16005990A4 /* BUILD_CHECKLIST.md */,
				EED436992F345D45005990A4 /* README_AWS_INTEGRATION.md */,
				EED4369B2F345DE4005990A4 /* DataService.swift */,
				EED4369D2F345E89005990A4 /* FIREBASE_REMOVAL_GUIDE.md */,
				EED4369F2F345EB4005990A4 /* BUILD_CHECKLIST_NO_FIREBASE.md */,
				EED436A12F345F3D005990A4 /* DeviceLocation.swift */,
				EED436A52F345FA5005990A4 /* COMPLETE_REMOVAL_GUIDE.md */,
				EE59F9A72F3D7C87007C2DC5 /* ZoneHistoryView.swift */,
				EE95E32B2F42D4AE00F4D3AA /* SettingsView.swift */,
				EE95E32D2F42E33300F4D3AA /* AWS_API_INTEGRATION 2.md */,
				EE95E32F2F42E35E00F4D3AA /* README_AWS_INTEGRATION 2.md */,
			);
			sourceTree = "<group>";
		};
		2191EA462E9790F200A536A8 /* Products */ = {
			isa = PBXGroup;
			children = (
				2191EA452E9790F200A536A8 /* mimamoriGPS.app */,
			);
			name = Products;
			sourceTree = "<group>";
		};
/* End PBXGroup section */

/* Begin PBXNativeTarget section */
		2191EA442E9790F200A536A8 /* mimamoriGPS */ = {
			isa = PBXNativeTarget;
			buildConfigurationList = 2191EA502E9790F400A536A8 /* Build configuration list for PBXNativeTarget "mimamoriGPS" */;
			buildPhases = (
				2191EA412E9790F200A536A8 /* Sources */,
				2191EA422E9790F200A536A8 /* Frameworks */,
				2191EA432E9790F200A536A8 /* Resources */,
			);
			buildRules = (
			);
			dependencies = (
			);
			fileSystemSynchronizedGroups = (
				2191EA472E9790F200A536A8 /* mimamoriGPS */,
				EE92200B2F440840002D1A89 /* Specs */,
			);
			name = mimamoriGPS;
			packageProductDependencies = (
			);
			productName = mimamoriGPS;
			productReference = 2191EA452E9790F200A536A8 /* mimamoriGPS.app */;
			productType = "com.apple.product-type.application";
		};
/* End PBXNativeTarget section */

/* Begin PBXProject section */
		2191EA3D2E9790F200A536A8 /* Project object */ = {
			isa = PBXProject;
			attributes = {
				BuildIndependentTargetsInParallel = 1;
				LastSwiftUpdateCheck = 1640;
				LastUpgradeCheck = 2620;
				TargetAttributes = {
					2191EA442E9790F200A536A8 = {
						CreatedOnToolsVersion = 16.4;
					};
				};
			};
			buildConfigurationList = 2191EA402E9790F200A536A8 /* Build configuration list for PBXProject "mimamoriGPS" */;
			developmentRegion = en;
			hasScannedForEncodings = 0;
			knownRegions = (
				en,
				Base,
			);
			mainGroup = 2191EA3C2E9790F200A536A8;
			minimizedProjectReferenceProxies = 1;
			packageReferences = (
			);
			preferredProjectObjectVersion = 77;
			productRefGroup = 2191EA462E9790F200A536A8 /* Products */;
			projectDirPath = "";
			projectRoot = "";
			targets = (
				2191EA442E9790F200A536A8 /* mimamoriGPS */,
			);
		};
/* End PBXProject section */

/* Begin PBXResourcesBuildPhase section */
		2191EA432E9790F200A536A8 /* Resources */ = {
			isa = PBXResourcesBuildPhase;
			buildActionMask = 2147483647;
			files = (
				EE95E32E2F42E33300F4D3AA /* AWS_API_INTEGRATION 2.md in Resources */,
				EED4369A2F345D45005990A4 /* README_AWS_INTEGRATION.md in Resources */,
				EE95E3302F42E35E00F4D3AA /* README_AWS_INTEGRATION 2.md in Resources */,
				EED4368E2F345956005990A4 /* AWS_API_INTEGRATION.md in Resources */,
				EED436A62F345FA5005990A4 /* COMPLETE_REMOVAL_GUIDE.md in Resources */,
				EED4369E2F345E89005990A4 /* FIREBASE_REMOVAL_GUIDE.md in Resources */,
				EED436A02F345EB4005990A4 /* BUILD_CHECKLIST_NO_FIREBASE.md in Resources */,
				EED436982F345D16005990A4 /* BUILD_CHECKLIST.md in Resources */,
			);
			runOnlyForDeploymentPostprocessing = 0;
		};
/* End PBXResourcesBuildPhase section */

/* Begin PBXSourcesBuildPhase section */
		2191EA412E9790F200A536A8 /* Sources */ = {
			isa = PBXSourcesBuildPhase;
			buildActionMask = 2147483647;
			files = (
				EED436902F345CA3005990A4 /* APIModels.swift in Sources */,
				EED436A22F345F3D005990A4 /* DeviceLocation.swift in Sources */,
				EED4369C2F345DE4005990A4 /* DataService.swift in Sources */,
				EED436942F345CD0005990A4 /* PushNotificationHandler.swift in Sources */,
				EED436962F345CF3005990A4 /* BuildTest.swift in Sources */,
				EED436922F345CC0005990A4 /* AWSNetworkService.swift in Sources */,
				EE59F9A82F3D7C87007C2DC5 /* ZoneHistoryView.swift in Sources */,
				EE95E32C2F42D4AE00F4D3AA /* SettingsView.swift in Sources */,
			);
			runOnlyForDeploymentPostprocessing = 0;
		};
/* End PBXSourcesBuildPhase section */

/* Begin XCBuildConfiguration section */
		2191EA4E2E9790F400A536A8 /* Debug */ = {
			isa = XCBuildConfiguration;
			buildSettings = {
				ALWAYS_SEARCH_USER_PATHS = NO;
				ASSETCATALOG_COMPILER_GENERATE_SWIFT_ASSET_SYMBOL_EXTENSIONS = YES;
				CLANG_ANALYZER_NONNULL = YES;
				CLANG_ANALYZER_NUMBER_OBJECT_CONVERSION = YES_AGGRESSIVE;
				CLANG_CXX_LANGUAGE_STANDARD = "gnu++20";
				CLANG_ENABLE_MODULES = YES;
				CLANG_ENABLE_OBJC_ARC = YES;
				CLANG_ENABLE_OBJC_WEAK = YES;
				CLANG_WARN_BLOCK_CAPTURE_AUTORELEASING = YES;
				CLANG_WARN_BOOL_CONVERSION = YES;
				CLANG_WARN_COMMA = YES;
				CLANG_WARN_CONSTANT_CONVERSION = YES;
				CLANG_WARN_DEPRECATED_OBJC_IMPLEMENTATIONS = YES;
				CLANG_WARN_DIRECT_OBJC_ISA_USAGE = YES_ERROR;
				CLANG_WARN_DOCUMENTATION_COMMENTS = YES;
				CLANG_WARN_EMPTY_BODY = YES;
				CLANG_WARN_ENUM_CONVERSION = YES;
				CLANG_WARN_INFINITE_RECURSION = YES;
				CLANG_WARN_INT_CONVERSION = YES;
				CLANG_WARN_NON_LITERAL_NULL_CONVERSION = YES;
				CLANG_WARN_OBJC_IMPLICIT_RETAIN_SELF = YES;
				CLANG_WARN_OBJC_LITERAL_CONVERSION = YES;
				CLANG_WARN_OBJC_ROOT_CLASS = YES_ERROR;
				CLANG_WARN_QUOTED_INCLUDE_IN_FRAMEWORK_HEADER = YES;
				CLANG_WARN_RANGE_LOOP_ANALYSIS = YES;
				CLANG_WARN_STRICT_PROTOTYPES = YES;
				CLANG_WARN_SUSPICIOUS_MOVE = YES;
				CLANG_WARN_UNGUARDED_AVAILABILITY = YES_AGGRESSIVE;
				CLANG_WARN_UNREACHABLE_CODE = YES;
				CLANG_WARN__DUPLICATE_METHOD_MATCH = YES;
				COPY_PHASE_STRIP = NO;
				DEBUG_INFORMATION_FORMAT = dwarf;
				DEVELOPMENT_TEAM = RFN639G9T6;
				ENABLE_STRICT_OBJC_MSGSEND = YES;
				ENABLE_TESTABILITY = YES;
				ENABLE_USER_SCRIPT_SANDBOXING = YES;
				GCC_C_LANGUAGE_STANDARD = gnu17;
				GCC_DYNAMIC_NO_PIC = NO;
				GCC_NO_COMMON_BLOCKS = YES;
				GCC_OPTIMIZATION_LEVEL = 0;
				GCC_PREPROCESSOR_DEFINITIONS = (
					"DEBUG=1",
					"$(inherited)",
				);
				GCC_WARN_64_TO_32_BIT_CONVERSION = YES;
				GCC_WARN_ABOUT_RETURN_TYPE = YES_ERROR;
				GCC_WARN_UNDECLARED_SELECTOR = YES;
				GCC_WARN_UNINITIALIZED_AUTOS = YES_AGGRESSIVE;
				GCC_WARN_UNUSED_FUNCTION = YES;
				GCC_WARN_UNUSED_VARIABLE = YES;
				IPHONEOS_DEPLOYMENT_TARGET = 18.5;
				LOCALIZATION_PREFERS_STRING_CATALOGS = YES;
				MTL_ENABLE_DEBUG_INFO = INCLUDE_SOURCE;
				MTL_FAST_MATH = YES;
				ONLY_ACTIVE_ARCH = YES;
				SDKROOT = iphoneos;
				STRING_CATALOG_GENERATE_SYMBOLS = YES;
				SWIFT_ACTIVE_COMPILATION_CONDITIONS = "DEBUG $(inherited)";
				SWIFT_OPTIMIZATION_LEVEL = "-Onone";
			};
			name = Debug;
		};
		2191EA4F2E9790F400A536A8 /* Release */ = {
			isa = XCBuildConfiguration;
			buildSettings = {
				ALWAYS_SEARCH_USER_PATHS = NO;
				ASSETCATALOG_COMPILER_GENERATE_SWIFT_ASSET_SYMBOL_EXTENSIONS = YES;
				CLANG_ANALYZER_NONNULL = YES;
				CLANG_ANALYZER_NUMBER_OBJECT_CONVERSION = YES_AGGRESSIVE;
				CLANG_CXX_LANGUAGE_STANDARD = "gnu++20";
				CLANG_ENABLE_MODULES = YES;
				CLANG_ENABLE_OBJC_ARC = YES;
				CLANG_ENABLE_OBJC_WEAK = YES;
				CLANG_WARN_BLOCK_CAPTURE_AUTORELEASING = YES;
				CLANG_WARN_BOOL_CONVERSION = YES;
				CLANG_WARN_COMMA = YES;
				CLANG_WARN_CONSTANT_CONVERSION = YES;
				CLANG_WARN_DEPRECATED_OBJC_IMPLEMENTATIONS = YES;
				CLANG_WARN_DIRECT_OBJC_ISA_USAGE = YES_ERROR;
				CLANG_WARN_DOCUMENTATION_COMMENTS = YES;
				CLANG_WARN_EMPTY_BODY = YES;
				CLANG_WARN_ENUM_CONVERSION = YES;
				CLANG_WARN_INFINITE_RECURSION = YES;
				CLANG_WARN_INT_CONVERSION = YES;
				CLANG_WARN_NON_LITERAL_NULL_CONVERSION = YES;
				CLANG_WARN_OBJC_IMPLICIT_RETAIN_SELF = YES;
				CLANG_WARN_OBJC_LITERAL_CONVERSION = YES;
				CLANG_WARN_OBJC_ROOT_CLASS = YES_ERROR;
				CLANG_WARN_QUOTED_INCLUDE_IN_FRAMEWORK_HEADER = YES;
				CLANG_WARN_RANGE_LOOP_ANALYSIS = YES;
				CLANG_WARN_STRICT_PROTOTYPES = YES;
				CLANG_WARN_SUSPICIOUS_MOVE = YES;
				CLANG_WARN_UNGUARDED_AVAILABILITY = YES_AGGRESSIVE;
				CLANG_WARN_UNREACHABLE_CODE = YES;
				CLANG_WARN__DUPLICATE_METHOD_MATCH = YES;
				COPY_PHASE_STRIP = NO;
				DEBUG_INFORMATION_FORMAT = "dwarf-with-dsym";
				DEVELOPMENT_TEAM = RFN639G9T6;
				ENABLE_NS_ASSERTIONS = NO;
				ENABLE_STRICT_OBJC_MSGSEND = YES;
				ENABLE_USER_SCRIPT_SANDBOXING = YES;
				GCC_C_LANGUAGE_STANDARD = gnu17;
				GCC_NO_COMMON_BLOCKS = YES;
				GCC_WARN_64_TO_32_BIT_CONVERSION = YES;
				GCC_WARN_ABOUT_RETURN_TYPE = YES_ERROR;
				GCC_WARN_UNDECLARED_SELECTOR = YES;
				GCC_WARN_UNINITIALIZED_AUTOS = YES_AGGRESSIVE;
				GCC_WARN_UNUSED_FUNCTION = YES;
				GCC_WARN_UNUSED_VARIABLE = YES;
				IPHONEOS_DEPLOYMENT_TARGET = 18.5;
				LOCALIZATION_PREFERS_STRING_CATALOGS = YES;
				MTL_ENABLE_DEBUG_INFO = NO;
				MTL_FAST_MATH = YES;
				SDKROOT = iphoneos;
				STRING_CATALOG_GENERATE_SYMBOLS = YES;
				SWIFT_COMPILATION_MODE = wholemodule;
				VALIDATE_PRODUCT = YES;
			};
			name = Release;
		};
		2191EA512E9790F400A536A8 /* Debug */ = {
			isa = XCBuildConfiguration;
			buildSettings = {
				ASSETCATALOG_COMPILER_APPICON_NAME = AppIcon;
				ASSETCATALOG_COMPILER_GLOBAL_ACCENT_COLOR_NAME = AccentColor;
				CODE_SIGN_IDENTITY = "Apple Development";
				CODE_SIGN_STYLE = Automatic;
				CURRENT_PROJECT_VERSION = 1;
				DEVELOPMENT_TEAM = 67F33XFM4C;
				ENABLE_PREVIEWS = YES;
				GENERATE_INFOPLIST_FILE = YES;
				INFOPLIST_FILE = mimamoriGPS/Info.plist;
				INFOPLIST_KEY_CFBundleDisplayName = "";
				INFOPLIST_KEY_LSApplicationCategoryType = "";
				INFOPLIST_KEY_UIApplicationSceneManifest_Generation = YES;
				INFOPLIST_KEY_UIApplicationSupportsIndirectInputEvents = YES;
				INFOPLIST_KEY_UILaunchScreen_Generation = YES;
				INFOPLIST_KEY_UISupportedInterfaceOrientations_iPad = "UIInterfaceOrientationPortrait UIInterfaceOrientationPortraitUpsideDown UIInterfaceOrientationLandscapeLeft UIInterfaceOrientationLandscapeRight";
				INFOPLIST_KEY_UISupportedInterfaceOrientations_iPhone = "UIInterfaceOrientationPortrait UIInterfaceOrientationLandscapeLeft UIInterfaceOrientationLandscapeRight";
				LD_RUNPATH_SEARCH_PATHS = (
					"$(inherited)",
					"@executable_path/Frameworks",
				);
				MARKETING_VERSION = 1.0;
				PRODUCT_BUNDLE_IDENTIFIER = com.JATCO.mimamoriGPS.ent;
				PRODUCT_NAME = "$(TARGET_NAME)";
				PROVISIONING_PROFILE_SPECIFIER = "";
				SWIFT_EMIT_LOC_STRINGS = YES;
				SWIFT_VERSION = 5.0;
				TARGETED_DEVICE_FAMILY = "1,2";
			};
			name = Debug;
		};
		2191EA522E9790F400A536A8 /* Release */ = {
			isa = XCBuildConfiguration;
			buildSettings = {
				ASSETCATALOG_COMPILER_APPICON_NAME = AppIcon;
				ASSETCATALOG_COMPILER_GLOBAL_ACCENT_COLOR_NAME = AccentColor;
				CODE_SIGN_IDENTITY = "Apple Development";
				CODE_SIGN_STYLE = Automatic;
				CURRENT_PROJECT_VERSION = 1;
				DEVELOPMENT_TEAM = 67F33XFM4C;
				ENABLE_PREVIEWS = YES;
				GENERATE_INFOPLIST_FILE = YES;
				INFOPLIST_FILE = mimamoriGPS/Info.plist;
				INFOPLIST_KEY_CFBundleDisplayName = "";
				INFOPLIST_KEY_LSApplicationCategoryType = "";
				INFOPLIST_KEY_UIApplicationSceneManifest_Generation = YES;
				INFOPLIST_KEY_UIApplicationSupportsIndirectInputEvents = YES;
				INFOPLIST_KEY_UILaunchScreen_Generation = YES;
				INFOPLIST_KEY_UISupportedInterfaceOrientations_iPad = "UIInterfaceOrientationPortrait UIInterfaceOrientationPortraitUpsideDown UIInterfaceOrientationLandscapeLeft UIInterfaceOrientationLandscapeRight";
				INFOPLIST_KEY_UISupportedInterfaceOrientations_iPhone = "UIInterfaceOrientationPortrait UIInterfaceOrientationLandscapeLeft UIInterfaceOrientationLandscapeRight";
				LD_RUNPATH_SEARCH_PATHS = (
					"$(inherited)",
					"@executable_path/Frameworks",
				);
				MARKETING_VERSION = 1.0;
				PRODUCT_BUNDLE_IDENTIFIER = com.JATCO.mimamoriGPS.ent;
				PRODUCT_NAME = "$(TARGET_NAME)";
				PROVISIONING_PROFILE_SPECIFIER = "";
				SWIFT_EMIT_LOC_STRINGS = YES;
				SWIFT_VERSION = 5.0;
				TARGETED_DEVICE_FAMILY = "1,2";
			};
			name = Release;
		};
/* End XCBuildConfiguration section */

/* Begin XCConfigurationList section */
		2191EA402E9790F200A536A8 /* Build configuration list for PBXProject "mimamoriGPS" */ = {
			isa = XCConfigurationList;
			buildConfigurations = (
				2191EA4E2E9790F400A536A8 /* Debug */,
				2191EA4F2E9790F400A536A8 /* Release */,
			);
			defaultConfigurationIsVisible = 0;
			defaultConfigurationName = Release;
		};
		2191EA502E9790F400A536A8 /* Build configuration list for PBXNativeTarget "mimamoriGPS" */ = {
			isa = XCConfigurationList;
			buildConfigurations = (
				2191EA512E9790F400A536A8 /* Debug */,
				2191EA522E9790F400A536A8 /* Release */,
			);
			defaultConfigurationIsVisible = 0;
			defaultConfigurationName = Release;
		};
/* End XCConfigurationList section */
	};
	rootObject = 2191EA3D2E9790F200A536A8 /* Project object */;
}
